{
    "name": "combino-sandbox",
    "version": "1.0.0",
    "lockfileVersion": 3,
    "requires": true,
    "packages": {
        "": {
            "name": "combino-sandbox",
            "version": "1.0.0",
            "dependencies": {
                "combino": "file:../"
            }
        },
        "..": {
            "version": "0.1.0",
            "license": "MIT",
            "dependencies": {
                "@types/ejs": "^3.1.5",
                "commander": "^11.1.0",
                "deepmerge": "^4.3.0",
                "ejs": "^3.1.10",
                "expr-eval": "^2.0.2",
                "glob": "^10.0.0",
                "gray-matter": "^4.0.3",
                "ini": "^4.1.1"
            },
            "bin": {
                "combino": "dist/cli.js"
            },
            "devDependencies": {
                "@types/commander": "^2.12.0",
                "@types/deepmerge": "^2.1.0",
                "@types/glob": "^8.1.0",
                "@types/ini": "^4.1.1",
                "@types/jest": "^29.5.0",
                "@types/node": "^20.17.55",
                "@typescript-eslint/eslint-plugin": "^5.0.0",
                "@typescript-eslint/parser": "^5.0.0",
                "eslint": "^8.0.0",
                "jest": "^29.5.0",
                "ts-jest": "^29.1.0",
                "ts-node": "^10.9.2",
                "typescript": "^5.0.0"
            }
        },
        "../../dist": {
            "extraneous": true
        },
        "node_modules/combino": {
            "resolved": "..",
            "link": true
        }
    }
}
